
Microsoft Visual Studio Solution File, Format Version 12.00
# Visual Studio Version 17
VisualStudioVersion = 17.7.34031.279
MinimumVisualStudioVersion = 10.0.40219.1
Project("{FAE04EC0-301F-11D3-BF4B-00C04F79EFBC}") = "PhamThiPhuongVy_2121110056_Buoi04", "PhamThiPhuongVy_2121110056_Buoi04.csproj", "{974ADCED-47D1-4A3F-ABC0-20A925F21DC1}"
EndProject
Project("{FAE04EC0-301F-11D3-BF4B-00C04F79EFBC}") = "Buoi04_2", "..\Buoi04_2\Buoi04_2.csproj", "{778FDD2D-D4D5-47E9-B54C-7BD34F9F3B6E}"
EndProject
Global
	GlobalSection(SolutionConfigurationPlatforms) = preSolution
		Debug|Any CPU = Debug|Any CPU
		Release|Any CPU = Release|Any CPU
	EndGlobalSection
	GlobalSection(ProjectConfigurationPlatforms) = postSolution
		{974ADCED-47D1-4A3F-ABC0-20A925F21DC1}.Debug|Any CPU.ActiveCfg = Debug|Any CPU
		{974ADCED-47D1-4A3F-ABC0-20A925F21DC1}.Debug|Any CPU.Build.0 = Debug|Any CPU
		{974ADCED-47D1-4A3F-ABC0-20A925F21DC1}.Release|Any CPU.ActiveCfg = Release|Any CPU
		{974ADCED-47D1-4A3F-ABC0-20A925F21DC1}.Release|Any CPU.Build.0 = Release|Any CPU
		{778FDD2D-D4D5-47E9-B54C-7BD34F9F3B6E}.Debug|Any CPU.ActiveCfg = Debug|Any CPU
		{778FDD2D-D4D5-47E9-B54C-7BD34F9F3B6E}.Debug|Any CPU.Build.0 = Debug|Any CPU
		{778FDD2D-D4D5-47E9-B54C-7BD34F9F3B6E}.Release|Any CPU.ActiveCfg = Release|Any CPU
		{778FDD2D-D4D5-47E9-B54C-7BD34F9F3B6E}.Release|Any CPU.Build.0 = Release|Any CPU
	EndGlobalSection
	GlobalSection(SolutionProperties) = preSolution
		HideSolutionNode = FALSE
	EndGlobalSection
	GlobalSection(ExtensibilityGlobals) = postSolution
		SolutionGuid = {77282677-6F54-4F98-BEEC-CA911C31E236}
	EndGlobalSection
EndGlobal
